# This file is automatically @generated by Poetry 2.1.3 and should not be changed by hand.

[[package]]
name = "customtkinter"
version = "5.2.2"
description = "Create modern looking GUIs with Python"
optional = false
python-versions = ">=3.7"
groups = ["main"]
files = [
    {file = "customtkinter-5.2.2-py3-none-any.whl", hash = "sha256:14ad3e7cd3cb3b9eb642b9d4e8711ae80d3f79fb82545ad11258eeffb2e6b37c"},
    {file = "customtkinter-5.2.2.tar.gz", hash = "sha256:fd8db3bafa961c982ee6030dba80b4c2e25858630756b513986db19113d8d207"},
]

[package.dependencies]
darkdetect = "*"
packaging = "*"

[[package]]
name = "darkdetect"
version = "0.8.0"
description = "Detect OS Dark Mode from Python"
optional = false
python-versions = ">=3.6"
groups = ["main"]
files = [
    {file = "darkdetect-0.8.0-py3-none-any.whl", hash = "sha256:a7509ccf517eaad92b31c214f593dbcf138ea8a43b2935406bbd565e15527a85"},
    {file = "darkdetect-0.8.0.tar.gz", hash = "sha256:b5428e1170263eb5dea44c25dc3895edd75e6f52300986353cd63533fe7df8b1"},
]

[package.extras]
macos-listener = ["pyobjc-framework-Cocoa ; platform_system == \"Darwin\""]

[[package]]
name = "packaging"
version = "25.0"
description = "Core utilities for Python packages"
optional = false
python-versions = ">=3.8"
groups = ["main"]
files = [
    {file = "packaging-25.0-py3-none-any.whl", hash = "sha256:29572ef2b1f17581046b3a2227d5c611fb25ec70ca1ba8554b24b0e69331a484"},
    {file = "packaging-25.0.tar.gz", hash = "sha256:d443872c98d677bf60f6a1f2f8c1cb748e8fe762d2bf9d3148b5599295b0fc4f"},
]

[[package]]
name = "vdf"
version = "3.4"
description = "Library for working with Valve's VDF text format"
optional = false
python-versions = "*"
groups = ["main"]
files = [
    {file = "vdf-3.4-py2.py3-none-any.whl", hash = "sha256:68c1a125cc49e343d535af2dd25074e9cb0908c6607f073947c4a04bbe234534"},
    {file = "vdf-3.4.tar.gz", hash = "sha256:fd5419f41e07a1009e5ffd027c7dcbe43d1f7e8ef453aeaa90d9d04b807de2af"},
]

[[package]]
name = "vpk"
version = "1.4.0"
description = "Library for working with Valve Pak files"
optional = false
python-versions = "*"
groups = ["main"]
files = [
    {file = "vpk-1.4.0-py2.py3-none-any.whl", hash = "sha256:021a40fa28eece9909dfce6f2b55abfd39fff22ac4a4a18ddf7a10afa4c1232f"},
    {file = "vpk-1.4.0.tar.gz", hash = "sha256:32ce0a2ca74f29e6b6614dc6e56b7724181c7b011f4de6040a138d4d8fe97040"},
]

[metadata]
lock-version = "2.1"
python-versions = "^3.13"
content-hash = "d7cc11bf86817a54b02e17b3dea6f4367455392018172d7ca624caa9be9d707b"
